
Microsoft Visual Studio Solution File, Format Version 12.00
# Visual Studio Version 17
VisualStudioVersion = 17.11.35312.102
MinimumVisualStudioVersion = 10.0.40219.1
Project("{9A19103F-16F7-4668-BE54-9A1E7A4F7556}") = "LedditModels", "LedditModels\LedditModels.csproj", "{BAB56E1D-F37B-4D80-B4DA-3A6C38006AAF}"
EndProject
Project("{9A19103F-16F7-4668-BE54-9A1E7A4F7556}") = "Search", "search\Search.csproj", "{FFACF427-B9F0-4D57-88CF-72BDDB9DD3E9}"
EndProject
Project("{9A19103F-16F7-4668-BE54-9A1E7A4F7556}") = "Comments", "comments\Comments.csproj", "{7D3B39CC-1DC5-4653-B27E-37E9604BA797}"
EndProject
Project("{9A19103F-16F7-4668-BE54-9A1E7A4F7556}") = "post", "post\post.csproj", "{D27FB85B-37BF-4F86-B8B5-CA23C68CE758}"
EndProject
Global
	GlobalSection(SolutionConfigurationPlatforms) = preSolution
		Debug|Any CPU = Debug|Any CPU
		Release|Any CPU = Release|Any CPU
	EndGlobalSection
	GlobalSection(ProjectConfigurationPlatforms) = postSolution
		{BAB56E1D-F37B-4D80-B4DA-3A6C38006AAF}.Debug|Any CPU.ActiveCfg = Debug|Any CPU
		{BAB56E1D-F37B-4D80-B4DA-3A6C38006AAF}.Debug|Any CPU.Build.0 = Debug|Any CPU
		{BAB56E1D-F37B-4D80-B4DA-3A6C38006AAF}.Release|Any CPU.ActiveCfg = Release|Any CPU
		{BAB56E1D-F37B-4D80-B4DA-3A6C38006AAF}.Release|Any CPU.Build.0 = Release|Any CPU
		{FFACF427-B9F0-4D57-88CF-72BDDB9DD3E9}.Debug|Any CPU.ActiveCfg = Debug|Any CPU
		{FFACF427-B9F0-4D57-88CF-72BDDB9DD3E9}.Debug|Any CPU.Build.0 = Debug|Any CPU
		{FFACF427-B9F0-4D57-88CF-72BDDB9DD3E9}.Release|Any CPU.ActiveCfg = Release|Any CPU
		{FFACF427-B9F0-4D57-88CF-72BDDB9DD3E9}.Release|Any CPU.Build.0 = Release|Any CPU
		{7D3B39CC-1DC5-4653-B27E-37E9604BA797}.Debug|Any CPU.ActiveCfg = Debug|Any CPU
		{7D3B39CC-1DC5-4653-B27E-37E9604BA797}.Debug|Any CPU.Build.0 = Debug|Any CPU
		{7D3B39CC-1DC5-4653-B27E-37E9604BA797}.Release|Any CPU.ActiveCfg = Release|Any CPU
		{7D3B39CC-1DC5-4653-B27E-37E9604BA797}.Release|Any CPU.Build.0 = Release|Any CPU
		{D27FB85B-37BF-4F86-B8B5-CA23C68CE758}.Debug|Any CPU.ActiveCfg = Debug|Any CPU
		{D27FB85B-37BF-4F86-B8B5-CA23C68CE758}.Debug|Any CPU.Build.0 = Debug|Any CPU
		{D27FB85B-37BF-4F86-B8B5-CA23C68CE758}.Release|Any CPU.ActiveCfg = Release|Any CPU
		{D27FB85B-37BF-4F86-B8B5-CA23C68CE758}.Release|Any CPU.Build.0 = Release|Any CPU
	EndGlobalSection
	GlobalSection(SolutionProperties) = preSolution
		HideSolutionNode = FALSE
	EndGlobalSection
	GlobalSection(ExtensibilityGlobals) = postSolution
		SolutionGuid = {042E9479-E750-4F5F-A246-3C0C6AA9E061}
	EndGlobalSection
EndGlobal
